{
  "name": "employee-data-management",
  "version": "1.0.0",
  "lockfileVersion": 1,
  "requires": true,
  "dependencies": {
    "moment": {
      "version": "2.18.1",
      "resolved": "https://registry.npmjs.org/moment/-/moment-2.18.1.tgz",
      "integrity": "sha1-w2GT3Tzhwu7SrbfIAtu8d6gbHA8="
    },
    "moment-js": {
      "version": "1.1.15",
      "resolved": "https://registry.npmjs.org/moment-js/-/moment-js-1.1.15.tgz",
      "integrity": "sha1-KNp5vjvyvEo9/9K4Nowo6GPKqdU="
    }
  }
}
